
Microsoft Visual Studio Solution File, Format Version 12.00
# Visual Studio Version 17
VisualStudioVersion = 17.11.35312.102
MinimumVisualStudioVersion = 10.0.40219.1
Project("{F184B08F-C81C-45F6-A57F-5ABD9991F28F}") = "Exercise Three", "Exercise Three\Exercise Three.vbproj", "{75687A4A-BB3E-4395-AFB2-8470F4E0E048}"
EndProject
Global
	GlobalSection(SolutionConfigurationPlatforms) = preSolution
		Debug|Any CPU = Debug|Any CPU
		Release|Any CPU = Release|Any CPU
	EndGlobalSection
	GlobalSection(ProjectConfigurationPlatforms) = postSolution
		{75687A4A-BB3E-4395-AFB2-8470F4E0E048}.Debug|Any CPU.ActiveCfg = Debug|Any CPU
		{75687A4A-BB3E-4395-AFB2-8470F4E0E048}.Debug|Any CPU.Build.0 = Debug|Any CPU
		{75687A4A-BB3E-4395-AFB2-8470F4E0E048}.Release|Any CPU.ActiveCfg = Release|Any CPU
		{75687A4A-BB3E-4395-AFB2-8470F4E0E048}.Release|Any CPU.Build.0 = Release|Any CPU
	EndGlobalSection
	GlobalSection(SolutionProperties) = preSolution
		HideSolutionNode = FALSE
	EndGlobalSection
	GlobalSection(ExtensibilityGlobals) = postSolution
		SolutionGuid = {AD032CE2-7A3E-4793-805E-78FF8150CCD6}
	EndGlobalSection
EndGlobal
